
Microsoft Visual Studio Solution File, Format Version 12.00
# Visual Studio Version 17
VisualStudioVersion = 17.12.35707.178
MinimumVisualStudioVersion = 10.0.40219.1
Project("{2150E333-8FDC-42A3-9474-1A3956D46DE8}") = "Problems", "Problems", "{E66B83B6-C069-4E10-B3B4-3C2916B3126A}"
EndProject
Project("{FAE04EC0-301F-11D3-BF4B-00C04F79EFBC}") = "Problem-1", "Problems\Problem-1\Problem-1.csproj", "{6A86FD15-245F-41CD-8440-F135969BE051}"
EndProject
Project("{FAE04EC0-301F-11D3-BF4B-00C04F79EFBC}") = "Problem-2", "Problems\Problem-2\Problem-2.csproj", "{D2847662-60FA-4692-ABCB-8FFC0F8436A7}"
EndProject
Project("{FAE04EC0-301F-11D3-BF4B-00C04F79EFBC}") = "Problem-3", "Problems\Problem-3\Problem-3.csproj", "{1B913221-7B2A-4E1D-9BBA-E50165CBAD5E}"
EndProject
Project("{FAE04EC0-301F-11D3-BF4B-00C04F79EFBC}") = "Problem-4", "Problems\Problem-4\Problem-4.csproj", "{9178710B-1FCA-4F67-ABB0-98CAFEA630C0}"
EndProject
Project("{FAE04EC0-301F-11D3-BF4B-00C04F79EFBC}") = "Problem-707", "Problems\Problem-707\Problem-707.csproj", "{E8E25715-D9A0-4635-B0C8-B3E0EE23BC09}"
EndProject
Project("{FAE04EC0-301F-11D3-BF4B-00C04F79EFBC}") = "Problem-812", "Problems\Problem-812\Problem-812.csproj", "{D9F1CCE2-A1D6-42E5-AB92-7D2EA998F8D0}"
EndProject
Project("{FAE04EC0-301F-11D3-BF4B-00C04F79EFBC}") = "Problem-860", "Problems\Problem-860\Problem-860.csproj", "{A53E09B4-5AF3-4A74-9680-85BF2160C7E2}"
EndProject
Project("{FAE04EC0-301F-11D3-BF4B-00C04F79EFBC}") = "Problem-938", "Problems\Problem-938\Problem-938.csproj", "{F22648E6-EEE4-4B02-B925-910BBCE1A711}"
EndProject
Project("{FAE04EC0-301F-11D3-BF4B-00C04F79EFBC}") = "Problem-1091", "Problems\Problem-1091\Problem-1091.csproj", "{0F841E26-1B97-4D29-85C1-7D4060EAFA8A}"
EndProject
Project("{FAE04EC0-301F-11D3-BF4B-00C04F79EFBC}") = "Problem-1089", "Problems\Problem-1089\Problem-1089.csproj", "{B9590B00-CED6-42E6-8F35-2B5C040709FC}"
EndProject
Project("{FAE04EC0-301F-11D3-BF4B-00C04F79EFBC}") = "Problem-492", "Problems\Problem-492\Problem-492.csproj", "{27B49F85-123C-4CBE-84EE-7E24BC351A26}"
EndProject
Project("{FAE04EC0-301F-11D3-BF4B-00C04F79EFBC}") = "Problem-1092", "Problems\Problem-1092\Problem-1092.csproj", "{713BCD6D-71BA-4322-A2DF-3DF81FFB92DB}"
EndProject
Project("{FAE04EC0-301F-11D3-BF4B-00C04F79EFBC}") = "Problem-1109", "Problems\Problem-1109\Problem-1109.csproj", "{2CD2D9E1-6E65-46D2-8A59-91F418BD0F17}"
EndProject
Project("{FAE04EC0-301F-11D3-BF4B-00C04F79EFBC}") = "Problem-43", "Problems\Problem-43\Problem-43.csproj", "{78A4ADD7-E020-4F03-A985-801D069A94F9}"
EndProject
Project("{FAE04EC0-301F-11D3-BF4B-00C04F79EFBC}") = "Problem-58", "Problems\Problem-58\Problem-58.csproj", "{10D30091-3CE6-4FB1-86F8-3DA391DB82CA}"
EndProject
Project("{FAE04EC0-301F-11D3-BF4B-00C04F79EFBC}") = "Problem-59", "Problems\Problem-59\Problem-59.csproj", "{621752A4-D08D-4126-8620-26A4AA1D4993}"
EndProject
Project("{FAE04EC0-301F-11D3-BF4B-00C04F79EFBC}") = "Probelm-372", "Problems\Probelm-372\Probelm-372.csproj", "{8B51FA07-1A5A-42B5-9CB8-91F482F479D8}"
EndProject
Project("{FAE04EC0-301F-11D3-BF4B-00C04F79EFBC}") = "Problem-530", "Problems\Problem-530\Problem-530.csproj", "{28428148-1E71-44D7-BD02-6628A90163B0}"
EndProject
Project("{FAE04EC0-301F-11D3-BF4B-00C04F79EFBC}") = "Problem-611", "Problems\Problem-611\Problem-611.csproj", "{962CC380-34AF-4D8D-BFF0-B5BCB660DE0E}"
EndProject
Project("{FAE04EC0-301F-11D3-BF4B-00C04F79EFBC}") = "Problem-815", "Problems\Problem-815\Problem-815.csproj", "{D78E8593-E641-461C-9483-13BA03598003}"
EndProject
Project("{FAE04EC0-301F-11D3-BF4B-00C04F79EFBC}") = "Problem-945", "Problems\Problem-945\Problem-945.csproj", "{DFE45088-E2C6-49BC-AB69-AB5F342C658E}"
EndProject
Project("{FAE04EC0-301F-11D3-BF4B-00C04F79EFBC}") = "Problem-1122", "Problems\Problem-1122\Problem-1122.csproj", "{F585958D-7F2F-47C9-A135-87CE7E1E7E00}"
EndProject
Project("{FAE04EC0-301F-11D3-BF4B-00C04F79EFBC}") = "Problem-1093", "Problems\Problem-1093\Problem-1093.csproj", "{DC6B88C5-CB66-4FBB-9233-A6EB3EF1E6F8}"
EndProject
Project("{FAE04EC0-301F-11D3-BF4B-00C04F79EFBC}") = "Problem-1103", "Problems\Problem-1103\Problem-1103.csproj", "{C3E79884-B861-478A-ADA5-5031443F778F}"
EndProject
Project("{FAE04EC0-301F-11D3-BF4B-00C04F79EFBC}") = "Problem-1120", "Problems\Problem-1120\Problem-1120.csproj", "{20238339-8B0B-4388-BA6A-408B90EEEB26}"
EndProject
Global
	GlobalSection(SolutionConfigurationPlatforms) = preSolution
		Debug|Any CPU = Debug|Any CPU
		Release|Any CPU = Release|Any CPU
	EndGlobalSection
	GlobalSection(ProjectConfigurationPlatforms) = postSolution
		{6A86FD15-245F-41CD-8440-F135969BE051}.Debug|Any CPU.ActiveCfg = Debug|Any CPU
		{6A86FD15-245F-41CD-8440-F135969BE051}.Debug|Any CPU.Build.0 = Debug|Any CPU
		{6A86FD15-245F-41CD-8440-F135969BE051}.Release|Any CPU.ActiveCfg = Release|Any CPU
		{6A86FD15-245F-41CD-8440-F135969BE051}.Release|Any CPU.Build.0 = Release|Any CPU
		{D2847662-60FA-4692-ABCB-8FFC0F8436A7}.Debug|Any CPU.ActiveCfg = Debug|Any CPU
		{D2847662-60FA-4692-ABCB-8FFC0F8436A7}.Debug|Any CPU.Build.0 = Debug|Any CPU
		{D2847662-60FA-4692-ABCB-8FFC0F8436A7}.Release|Any CPU.ActiveCfg = Release|Any CPU
		{D2847662-60FA-4692-ABCB-8FFC0F8436A7}.Release|Any CPU.Build.0 = Release|Any CPU
		{1B913221-7B2A-4E1D-9BBA-E50165CBAD5E}.Debug|Any CPU.ActiveCfg = Debug|Any CPU
		{1B913221-7B2A-4E1D-9BBA-E50165CBAD5E}.Debug|Any CPU.Build.0 = Debug|Any CPU
		{1B913221-7B2A-4E1D-9BBA-E50165CBAD5E}.Release|Any CPU.ActiveCfg = Release|Any CPU
		{1B913221-7B2A-4E1D-9BBA-E50165CBAD5E}.Release|Any CPU.Build.0 = Release|Any CPU
		{9178710B-1FCA-4F67-ABB0-98CAFEA630C0}.Debug|Any CPU.ActiveCfg = Debug|Any CPU
		{9178710B-1FCA-4F67-ABB0-98CAFEA630C0}.Debug|Any CPU.Build.0 = Debug|Any CPU
		{9178710B-1FCA-4F67-ABB0-98CAFEA630C0}.Release|Any CPU.ActiveCfg = Release|Any CPU
		{9178710B-1FCA-4F67-ABB0-98CAFEA630C0}.Release|Any CPU.Build.0 = Release|Any CPU
		{E8E25715-D9A0-4635-B0C8-B3E0EE23BC09}.Debug|Any CPU.ActiveCfg = Debug|Any CPU
		{E8E25715-D9A0-4635-B0C8-B3E0EE23BC09}.Debug|Any CPU.Build.0 = Debug|Any CPU
		{E8E25715-D9A0-4635-B0C8-B3E0EE23BC09}.Release|Any CPU.ActiveCfg = Release|Any CPU
		{E8E25715-D9A0-4635-B0C8-B3E0EE23BC09}.Release|Any CPU.Build.0 = Release|Any CPU
		{D9F1CCE2-A1D6-42E5-AB92-7D2EA998F8D0}.Debug|Any CPU.ActiveCfg = Debug|Any CPU
		{D9F1CCE2-A1D6-42E5-AB92-7D2EA998F8D0}.Debug|Any CPU.Build.0 = Debug|Any CPU
		{D9F1CCE2-A1D6-42E5-AB92-7D2EA998F8D0}.Release|Any CPU.ActiveCfg = Release|Any CPU
		{D9F1CCE2-A1D6-42E5-AB92-7D2EA998F8D0}.Release|Any CPU.Build.0 = Release|Any CPU
		{A53E09B4-5AF3-4A74-9680-85BF2160C7E2}.Debug|Any CPU.ActiveCfg = Debug|Any CPU
		{A53E09B4-5AF3-4A74-9680-85BF2160C7E2}.Debug|Any CPU.Build.0 = Debug|Any CPU
		{A53E09B4-5AF3-4A74-9680-85BF2160C7E2}.Release|Any CPU.ActiveCfg = Release|Any CPU
		{A53E09B4-5AF3-4A74-9680-85BF2160C7E2}.Release|Any CPU.Build.0 = Release|Any CPU
		{F22648E6-EEE4-4B02-B925-910BBCE1A711}.Debug|Any CPU.ActiveCfg = Debug|Any CPU
		{F22648E6-EEE4-4B02-B925-910BBCE1A711}.Debug|Any CPU.Build.0 = Debug|Any CPU
		{F22648E6-EEE4-4B02-B925-910BBCE1A711}.Release|Any CPU.ActiveCfg = Release|Any CPU
		{F22648E6-EEE4-4B02-B925-910BBCE1A711}.Release|Any CPU.Build.0 = Release|Any CPU
		{0F841E26-1B97-4D29-85C1-7D4060EAFA8A}.Debug|Any CPU.ActiveCfg = Debug|Any CPU
		{0F841E26-1B97-4D29-85C1-7D4060EAFA8A}.Debug|Any CPU.Build.0 = Debug|Any CPU
		{0F841E26-1B97-4D29-85C1-7D4060EAFA8A}.Release|Any CPU.ActiveCfg = Release|Any CPU
		{0F841E26-1B97-4D29-85C1-7D4060EAFA8A}.Release|Any CPU.Build.0 = Release|Any CPU
		{B9590B00-CED6-42E6-8F35-2B5C040709FC}.Debug|Any CPU.ActiveCfg = Debug|Any CPU
		{B9590B00-CED6-42E6-8F35-2B5C040709FC}.Debug|Any CPU.Build.0 = Debug|Any CPU
		{B9590B00-CED6-42E6-8F35-2B5C040709FC}.Release|Any CPU.ActiveCfg = Release|Any CPU
		{B9590B00-CED6-42E6-8F35-2B5C040709FC}.Release|Any CPU.Build.0 = Release|Any CPU
		{27B49F85-123C-4CBE-84EE-7E24BC351A26}.Debug|Any CPU.ActiveCfg = Debug|Any CPU
		{27B49F85-123C-4CBE-84EE-7E24BC351A26}.Debug|Any CPU.Build.0 = Debug|Any CPU
		{27B49F85-123C-4CBE-84EE-7E24BC351A26}.Release|Any CPU.ActiveCfg = Release|Any CPU
		{27B49F85-123C-4CBE-84EE-7E24BC351A26}.Release|Any CPU.Build.0 = Release|Any CPU
		{713BCD6D-71BA-4322-A2DF-3DF81FFB92DB}.Debug|Any CPU.ActiveCfg = Debug|Any CPU
		{713BCD6D-71BA-4322-A2DF-3DF81FFB92DB}.Debug|Any CPU.Build.0 = Debug|Any CPU
		{713BCD6D-71BA-4322-A2DF-3DF81FFB92DB}.Release|Any CPU.ActiveCfg = Release|Any CPU
		{713BCD6D-71BA-4322-A2DF-3DF81FFB92DB}.Release|Any CPU.Build.0 = Release|Any CPU
		{2CD2D9E1-6E65-46D2-8A59-91F418BD0F17}.Debug|Any CPU.ActiveCfg = Debug|Any CPU
		{2CD2D9E1-6E65-46D2-8A59-91F418BD0F17}.Debug|Any CPU.Build.0 = Debug|Any CPU
		{2CD2D9E1-6E65-46D2-8A59-91F418BD0F17}.Release|Any CPU.ActiveCfg = Release|Any CPU
		{2CD2D9E1-6E65-46D2-8A59-91F418BD0F17}.Release|Any CPU.Build.0 = Release|Any CPU
		{78A4ADD7-E020-4F03-A985-801D069A94F9}.Debug|Any CPU.ActiveCfg = Debug|Any CPU
		{78A4ADD7-E020-4F03-A985-801D069A94F9}.Debug|Any CPU.Build.0 = Debug|Any CPU
		{78A4ADD7-E020-4F03-A985-801D069A94F9}.Release|Any CPU.ActiveCfg = Release|Any CPU
		{78A4ADD7-E020-4F03-A985-801D069A94F9}.Release|Any CPU.Build.0 = Release|Any CPU
		{10D30091-3CE6-4FB1-86F8-3DA391DB82CA}.Debug|Any CPU.ActiveCfg = Debug|Any CPU
		{10D30091-3CE6-4FB1-86F8-3DA391DB82CA}.Debug|Any CPU.Build.0 = Debug|Any CPU
		{10D30091-3CE6-4FB1-86F8-3DA391DB82CA}.Release|Any CPU.ActiveCfg = Release|Any CPU
		{10D30091-3CE6-4FB1-86F8-3DA391DB82CA}.Release|Any CPU.Build.0 = Release|Any CPU
		{621752A4-D08D-4126-8620-26A4AA1D4993}.Debug|Any CPU.ActiveCfg = Debug|Any CPU
		{621752A4-D08D-4126-8620-26A4AA1D4993}.Debug|Any CPU.Build.0 = Debug|Any CPU
		{621752A4-D08D-4126-8620-26A4AA1D4993}.Release|Any CPU.ActiveCfg = Release|Any CPU
		{621752A4-D08D-4126-8620-26A4AA1D4993}.Release|Any CPU.Build.0 = Release|Any CPU
		{8B51FA07-1A5A-42B5-9CB8-91F482F479D8}.Debug|Any CPU.ActiveCfg = Debug|Any CPU
		{8B51FA07-1A5A-42B5-9CB8-91F482F479D8}.Debug|Any CPU.Build.0 = Debug|Any CPU
		{8B51FA07-1A5A-42B5-9CB8-91F482F479D8}.Release|Any CPU.ActiveCfg = Release|Any CPU
		{8B51FA07-1A5A-42B5-9CB8-91F482F479D8}.Release|Any CPU.Build.0 = Release|Any CPU
		{28428148-1E71-44D7-BD02-6628A90163B0}.Debug|Any CPU.ActiveCfg = Debug|Any CPU
		{28428148-1E71-44D7-BD02-6628A90163B0}.Debug|Any CPU.Build.0 = Debug|Any CPU
		{28428148-1E71-44D7-BD02-6628A90163B0}.Release|Any CPU.ActiveCfg = Release|Any CPU
		{28428148-1E71-44D7-BD02-6628A90163B0}.Release|Any CPU.Build.0 = Release|Any CPU
		{962CC380-34AF-4D8D-BFF0-B5BCB660DE0E}.Debug|Any CPU.ActiveCfg = Debug|Any CPU
		{962CC380-34AF-4D8D-BFF0-B5BCB660DE0E}.Debug|Any CPU.Build.0 = Debug|Any CPU
		{962CC380-34AF-4D8D-BFF0-B5BCB660DE0E}.Release|Any CPU.ActiveCfg = Release|Any CPU
		{962CC380-34AF-4D8D-BFF0-B5BCB660DE0E}.Release|Any CPU.Build.0 = Release|Any CPU
		{D78E8593-E641-461C-9483-13BA03598003}.Debug|Any CPU.ActiveCfg = Debug|Any CPU
		{D78E8593-E641-461C-9483-13BA03598003}.Debug|Any CPU.Build.0 = Debug|Any CPU
		{D78E8593-E641-461C-9483-13BA03598003}.Release|Any CPU.ActiveCfg = Release|Any CPU
		{D78E8593-E641-461C-9483-13BA03598003}.Release|Any CPU.Build.0 = Release|Any CPU
		{DFE45088-E2C6-49BC-AB69-AB5F342C658E}.Debug|Any CPU.ActiveCfg = Debug|Any CPU
		{DFE45088-E2C6-49BC-AB69-AB5F342C658E}.Debug|Any CPU.Build.0 = Debug|Any CPU
		{DFE45088-E2C6-49BC-AB69-AB5F342C658E}.Release|Any CPU.ActiveCfg = Release|Any CPU
		{DFE45088-E2C6-49BC-AB69-AB5F342C658E}.Release|Any CPU.Build.0 = Release|Any CPU
		{F585958D-7F2F-47C9-A135-87CE7E1E7E00}.Debug|Any CPU.ActiveCfg = Debug|Any CPU
		{F585958D-7F2F-47C9-A135-87CE7E1E7E00}.Debug|Any CPU.Build.0 = Debug|Any CPU
		{F585958D-7F2F-47C9-A135-87CE7E1E7E00}.Release|Any CPU.ActiveCfg = Release|Any CPU
		{F585958D-7F2F-47C9-A135-87CE7E1E7E00}.Release|Any CPU.Build.0 = Release|Any CPU
		{DC6B88C5-CB66-4FBB-9233-A6EB3EF1E6F8}.Debug|Any CPU.ActiveCfg = Debug|Any CPU
		{DC6B88C5-CB66-4FBB-9233-A6EB3EF1E6F8}.Debug|Any CPU.Build.0 = Debug|Any CPU
		{DC6B88C5-CB66-4FBB-9233-A6EB3EF1E6F8}.Release|Any CPU.ActiveCfg = Release|Any CPU
		{DC6B88C5-CB66-4FBB-9233-A6EB3EF1E6F8}.Release|Any CPU.Build.0 = Release|Any CPU
		{C3E79884-B861-478A-ADA5-5031443F778F}.Debug|Any CPU.ActiveCfg = Debug|Any CPU
		{C3E79884-B861-478A-ADA5-5031443F778F}.Debug|Any CPU.Build.0 = Debug|Any CPU
		{C3E79884-B861-478A-ADA5-5031443F778F}.Release|Any CPU.ActiveCfg = Release|Any CPU
		{C3E79884-B861-478A-ADA5-5031443F778F}.Release|Any CPU.Build.0 = Release|Any CPU
		{20238339-8B0B-4388-BA6A-408B90EEEB26}.Debug|Any CPU.ActiveCfg = Debug|Any CPU
		{20238339-8B0B-4388-BA6A-408B90EEEB26}.Debug|Any CPU.Build.0 = Debug|Any CPU
		{20238339-8B0B-4388-BA6A-408B90EEEB26}.Release|Any CPU.ActiveCfg = Release|Any CPU
		{20238339-8B0B-4388-BA6A-408B90EEEB26}.Release|Any CPU.Build.0 = Release|Any CPU
	EndGlobalSection
	GlobalSection(SolutionProperties) = preSolution
		HideSolutionNode = FALSE
	EndGlobalSection
	GlobalSection(NestedProjects) = preSolution
		{6A86FD15-245F-41CD-8440-F135969BE051} = {E66B83B6-C069-4E10-B3B4-3C2916B3126A}
		{D2847662-60FA-4692-ABCB-8FFC0F8436A7} = {E66B83B6-C069-4E10-B3B4-3C2916B3126A}
		{1B913221-7B2A-4E1D-9BBA-E50165CBAD5E} = {E66B83B6-C069-4E10-B3B4-3C2916B3126A}
		{9178710B-1FCA-4F67-ABB0-98CAFEA630C0} = {E66B83B6-C069-4E10-B3B4-3C2916B3126A}
		{E8E25715-D9A0-4635-B0C8-B3E0EE23BC09} = {E66B83B6-C069-4E10-B3B4-3C2916B3126A}
		{D9F1CCE2-A1D6-42E5-AB92-7D2EA998F8D0} = {E66B83B6-C069-4E10-B3B4-3C2916B3126A}
		{A53E09B4-5AF3-4A74-9680-85BF2160C7E2} = {E66B83B6-C069-4E10-B3B4-3C2916B3126A}
		{F22648E6-EEE4-4B02-B925-910BBCE1A711} = {E66B83B6-C069-4E10-B3B4-3C2916B3126A}
		{0F841E26-1B97-4D29-85C1-7D4060EAFA8A} = {E66B83B6-C069-4E10-B3B4-3C2916B3126A}
		{B9590B00-CED6-42E6-8F35-2B5C040709FC} = {E66B83B6-C069-4E10-B3B4-3C2916B3126A}
		{27B49F85-123C-4CBE-84EE-7E24BC351A26} = {E66B83B6-C069-4E10-B3B4-3C2916B3126A}
		{713BCD6D-71BA-4322-A2DF-3DF81FFB92DB} = {E66B83B6-C069-4E10-B3B4-3C2916B3126A}
		{2CD2D9E1-6E65-46D2-8A59-91F418BD0F17} = {E66B83B6-C069-4E10-B3B4-3C2916B3126A}
		{78A4ADD7-E020-4F03-A985-801D069A94F9} = {E66B83B6-C069-4E10-B3B4-3C2916B3126A}
		{10D30091-3CE6-4FB1-86F8-3DA391DB82CA} = {E66B83B6-C069-4E10-B3B4-3C2916B3126A}
		{621752A4-D08D-4126-8620-26A4AA1D4993} = {E66B83B6-C069-4E10-B3B4-3C2916B3126A}
		{8B51FA07-1A5A-42B5-9CB8-91F482F479D8} = {E66B83B6-C069-4E10-B3B4-3C2916B3126A}
		{28428148-1E71-44D7-BD02-6628A90163B0} = {E66B83B6-C069-4E10-B3B4-3C2916B3126A}
		{962CC380-34AF-4D8D-BFF0-B5BCB660DE0E} = {E66B83B6-C069-4E10-B3B4-3C2916B3126A}
		{D78E8593-E641-461C-9483-13BA03598003} = {E66B83B6-C069-4E10-B3B4-3C2916B3126A}
		{DFE45088-E2C6-49BC-AB69-AB5F342C658E} = {E66B83B6-C069-4E10-B3B4-3C2916B3126A}
		{F585958D-7F2F-47C9-A135-87CE7E1E7E00} = {E66B83B6-C069-4E10-B3B4-3C2916B3126A}
		{DC6B88C5-CB66-4FBB-9233-A6EB3EF1E6F8} = {E66B83B6-C069-4E10-B3B4-3C2916B3126A}
		{C3E79884-B861-478A-ADA5-5031443F778F} = {E66B83B6-C069-4E10-B3B4-3C2916B3126A}
		{20238339-8B0B-4388-BA6A-408B90EEEB26} = {E66B83B6-C069-4E10-B3B4-3C2916B3126A}
	EndGlobalSection
EndGlobal
