
Microsoft Visual Studio Solution File, Format Version 12.00
# Visual Studio Version 17
VisualStudioVersion = 17.12.35707.178
MinimumVisualStudioVersion = 10.0.40219.1
Project("{2150E333-8FDC-42A3-9474-1A3956D46DE8}") = "Problems", "Problems", "{E66B83B6-C069-4E10-B3B4-3C2916B3126A}"
EndProject
Project("{FAE04EC0-301F-11D3-BF4B-00C04F79EFBC}") = "Problem-1", "Problems\Problem-1\Problem-1.csproj", "{6A86FD15-245F-41CD-8440-F135969BE051}"
EndProject
Project("{FAE04EC0-301F-11D3-BF4B-00C04F79EFBC}") = "Problem-2", "Problems\Problem-2\Problem-2.csproj", "{D2847662-60FA-4692-ABCB-8FFC0F8436A7}"
EndProject
Project("{FAE04EC0-301F-11D3-BF4B-00C04F79EFBC}") = "Problem-3", "Problems\Problem-3\Problem-3.csproj", "{1B913221-7B2A-4E1D-9BBA-E50165CBAD5E}"
EndProject
Project("{FAE04EC0-301F-11D3-BF4B-00C04F79EFBC}") = "Problem-4", "Problems\Problem-4\Problem-4.csproj", "{9178710B-1FCA-4F67-ABB0-98CAFEA630C0}"
EndProject
Project("{FAE04EC0-301F-11D3-BF4B-00C04F79EFBC}") = "Problem-492", "Problems\Problem-1\Problem-492\Problem-492.csproj", "{8BB17EBD-6D58-443F-A132-576F91B24789}"
EndProject
Global
	GlobalSection(SolutionConfigurationPlatforms) = preSolution
		Debug|Any CPU = Debug|Any CPU
		Release|Any CPU = Release|Any CPU
	EndGlobalSection
	GlobalSection(ProjectConfigurationPlatforms) = postSolution
		{6A86FD15-245F-41CD-8440-F135969BE051}.Debug|Any CPU.ActiveCfg = Debug|Any CPU
		{6A86FD15-245F-41CD-8440-F135969BE051}.Debug|Any CPU.Build.0 = Debug|Any CPU
		{6A86FD15-245F-41CD-8440-F135969BE051}.Release|Any CPU.ActiveCfg = Release|Any CPU
		{6A86FD15-245F-41CD-8440-F135969BE051}.Release|Any CPU.Build.0 = Release|Any CPU
		{D2847662-60FA-4692-ABCB-8FFC0F8436A7}.Debug|Any CPU.ActiveCfg = Debug|Any CPU
		{D2847662-60FA-4692-ABCB-8FFC0F8436A7}.Debug|Any CPU.Build.0 = Debug|Any CPU
		{D2847662-60FA-4692-ABCB-8FFC0F8436A7}.Release|Any CPU.ActiveCfg = Release|Any CPU
		{D2847662-60FA-4692-ABCB-8FFC0F8436A7}.Release|Any CPU.Build.0 = Release|Any CPU
		{1B913221-7B2A-4E1D-9BBA-E50165CBAD5E}.Debug|Any CPU.ActiveCfg = Debug|Any CPU
		{1B913221-7B2A-4E1D-9BBA-E50165CBAD5E}.Debug|Any CPU.Build.0 = Debug|Any CPU
		{1B913221-7B2A-4E1D-9BBA-E50165CBAD5E}.Release|Any CPU.ActiveCfg = Release|Any CPU
		{1B913221-7B2A-4E1D-9BBA-E50165CBAD5E}.Release|Any CPU.Build.0 = Release|Any CPU
		{9178710B-1FCA-4F67-ABB0-98CAFEA630C0}.Debug|Any CPU.ActiveCfg = Debug|Any CPU
		{9178710B-1FCA-4F67-ABB0-98CAFEA630C0}.Debug|Any CPU.Build.0 = Debug|Any CPU
		{9178710B-1FCA-4F67-ABB0-98CAFEA630C0}.Release|Any CPU.ActiveCfg = Release|Any CPU
		{9178710B-1FCA-4F67-ABB0-98CAFEA630C0}.Release|Any CPU.Build.0 = Release|Any CPU
		{8BB17EBD-6D58-443F-A132-576F91B24789}.Debug|Any CPU.ActiveCfg = Debug|Any CPU
		{8BB17EBD-6D58-443F-A132-576F91B24789}.Debug|Any CPU.Build.0 = Debug|Any CPU
		{8BB17EBD-6D58-443F-A132-576F91B24789}.Release|Any CPU.ActiveCfg = Release|Any CPU
		{8BB17EBD-6D58-443F-A132-576F91B24789}.Release|Any CPU.Build.0 = Release|Any CPU
	EndGlobalSection
	GlobalSection(SolutionProperties) = preSolution
		HideSolutionNode = FALSE
	EndGlobalSection
	GlobalSection(NestedProjects) = preSolution
		{6A86FD15-245F-41CD-8440-F135969BE051} = {E66B83B6-C069-4E10-B3B4-3C2916B3126A}
		{D2847662-60FA-4692-ABCB-8FFC0F8436A7} = {E66B83B6-C069-4E10-B3B4-3C2916B3126A}
		{1B913221-7B2A-4E1D-9BBA-E50165CBAD5E} = {E66B83B6-C069-4E10-B3B4-3C2916B3126A}
		{9178710B-1FCA-4F67-ABB0-98CAFEA630C0} = {E66B83B6-C069-4E10-B3B4-3C2916B3126A}
		{8BB17EBD-6D58-443F-A132-576F91B24789} = {E66B83B6-C069-4E10-B3B4-3C2916B3126A}
	EndGlobalSection
EndGlobal
