
Microsoft Visual Studio Solution File, Format Version 12.00
# Visual Studio Version 17
VisualStudioVersion = 17.12.35707.178
MinimumVisualStudioVersion = 10.0.40219.1
Project("{2150E333-8FDC-42A3-9474-1A3956D46DE8}") = "Problems", "Problems", "{E66B83B6-C069-4E10-B3B4-3C2916B3126A}"
EndProject
Project("{FAE04EC0-301F-11D3-BF4B-00C04F79EFBC}") = "Problem-1091", "Problems\Problem-1091\Problem-1091.csproj", "{0F841E26-1B97-4D29-85C1-7D4060EAFA8A}"
EndProject
Project("{FAE04EC0-301F-11D3-BF4B-00C04F79EFBC}") = "Problem-1089", "Problems\Problem-1089\Problem-1089.csproj", "{B9590B00-CED6-42E6-8F35-2B5C040709FC}"
EndProject
Project("{FAE04EC0-301F-11D3-BF4B-00C04F79EFBC}") = "Problem-1092", "Problems\Problem-1092\Problem-1092.csproj", "{713BCD6D-71BA-4322-A2DF-3DF81FFB92DB}"
EndProject
Project("{FAE04EC0-301F-11D3-BF4B-00C04F79EFBC}") = "Problem-1109", "Problems\Problem-1109\Problem-1109.csproj", "{2CD2D9E1-6E65-46D2-8A59-91F418BD0F17}"
EndProject
Project("{FAE04EC0-301F-11D3-BF4B-00C04F79EFBC}") = "Problem-1122", "Problems\Problem-1122\Problem-1122.csproj", "{F585958D-7F2F-47C9-A135-87CE7E1E7E00}"
EndProject
Project("{FAE04EC0-301F-11D3-BF4B-00C04F79EFBC}") = "Problem-1093", "Problems\Problem-1093\Problem-1093.csproj", "{DC6B88C5-CB66-4FBB-9233-A6EB3EF1E6F8}"
EndProject
Project("{FAE04EC0-301F-11D3-BF4B-00C04F79EFBC}") = "Problem-1103", "Problems\Problem-1103\Problem-1103.csproj", "{C3E79884-B861-478A-ADA5-5031443F778F}"
EndProject
Project("{FAE04EC0-301F-11D3-BF4B-00C04F79EFBC}") = "Problem-1120", "Problems\Problem-1120\Problem-1120.csproj", "{20238339-8B0B-4388-BA6A-408B90EEEB26}"
EndProject
Project("{FAE04EC0-301F-11D3-BF4B-00C04F79EFBC}") = "Problem-0001", "Problems\Problem-0001\Problem-0001.csproj", "{B112DDEB-72AE-F6BD-020F-7E71CAB91060}"
EndProject
Project("{FAE04EC0-301F-11D3-BF4B-00C04F79EFBC}") = "Problem-0002", "Problems\Problem-0002\Problem-0002.csproj", "{AE818291-C77B-FB21-D3CF-529A59443219}"
EndProject
Project("{FAE04EC0-301F-11D3-BF4B-00C04F79EFBC}") = "Problem-0003", "Problems\Problem-0003\Problem-0003.csproj", "{53047657-141E-6E96-3076-27B82C0F978D}"
EndProject
Project("{FAE04EC0-301F-11D3-BF4B-00C04F79EFBC}") = "Problem-0004", "Problems\Problem-0004\Problem-0004.csproj", "{267DF5C1-EB5C-ED53-D308-8677B0CF1AD7}"
EndProject
Project("{FAE04EC0-301F-11D3-BF4B-00C04F79EFBC}") = "Problem-0010", "Problems\Problem-0010\Problem-0010.csproj", "{6183112A-8EB5-A57F-FC2F-4369CCCE73C8}"
EndProject
Project("{FAE04EC0-301F-11D3-BF4B-00C04F79EFBC}") = "Problem-0043", "Problems\Problem-0043\Problem-0043.csproj", "{104BAC3F-7D58-3D4B-62FC-DC50A04EF33F}"
EndProject
Project("{FAE04EC0-301F-11D3-BF4B-00C04F79EFBC}") = "Problem-0058", "Problems\Problem-0058\Problem-0058.csproj", "{7C6C7DF3-2677-20C2-F7D6-D368AC8C88BA}"
EndProject
Project("{FAE04EC0-301F-11D3-BF4B-00C04F79EFBC}") = "Problem-0059", "Problems\Problem-0059\Problem-0059.csproj", "{AC4C62F9-4F08-FD4B-4024-E7501C871049}"
EndProject
Project("{FAE04EC0-301F-11D3-BF4B-00C04F79EFBC}") = "Problem-0372", "Problems\Problem-0372\Problem-0372.csproj", "{51D531CD-1B1B-795B-1906-4BEBF391D1CF}"
EndProject
Project("{FAE04EC0-301F-11D3-BF4B-00C04F79EFBC}") = "Problem-0492", "Problems\Problem-0492\Problem-0492.csproj", "{8C4EF294-36F2-97A9-A718-D9CDE4C6874F}"
EndProject
Project("{FAE04EC0-301F-11D3-BF4B-00C04F79EFBC}") = "Problem-0530", "Problems\Problem-0530\Problem-0530.csproj", "{BC3DD2AD-9C77-5B68-E490-ABD50C4DAFE2}"
EndProject
Project("{FAE04EC0-301F-11D3-BF4B-00C04F79EFBC}") = "Problem-0611", "Problems\Problem-0611\Problem-0611.csproj", "{ADB2B012-2C5F-01DF-8066-F7710092D5DD}"
EndProject
Project("{FAE04EC0-301F-11D3-BF4B-00C04F79EFBC}") = "Problem-0707", "Problems\Problem-0707\Problem-0707.csproj", "{E0367EDF-D7F9-FE27-B2F7-4BE546C61BFE}"
EndProject
Project("{FAE04EC0-301F-11D3-BF4B-00C04F79EFBC}") = "Problem-0812", "Problems\Problem-0812\Problem-0812.csproj", "{26AD64F3-C2B8-E6BA-CF56-99B00789294A}"
EndProject
Project("{FAE04EC0-301F-11D3-BF4B-00C04F79EFBC}") = "Problem-0815", "Problems\Problem-0815\Problem-0815.csproj", "{903692EB-57D7-F7F1-17C9-5B640BB06B0A}"
EndProject
Project("{FAE04EC0-301F-11D3-BF4B-00C04F79EFBC}") = "Problem-0860", "Problems\Problem-0860\Problem-0860.csproj", "{D4292524-FEC0-7CE3-7BAA-2D89C83165BF}"
EndProject
Project("{FAE04EC0-301F-11D3-BF4B-00C04F79EFBC}") = "Problem-0938", "Problems\Problem-0938\Problem-0938.csproj", "{F0D17118-71A0-BD2D-BF97-44905AE36443}"
EndProject
Project("{FAE04EC0-301F-11D3-BF4B-00C04F79EFBC}") = "Problem-0945", "Problems\Problem-0945\Problem-0945.csproj", "{F8F2E94E-4F37-825F-1F64-8C118A85BD15}"
EndProject
Project("{FAE04EC0-301F-11D3-BF4B-00C04F79EFBC}") = "Problem-0013", "Problems\Problem-0013\Problem-0013.csproj", "{496DCAB1-E5A9-4278-931A-80F9B8047D85}"
EndProject
Project("{FAE04EC0-301F-11D3-BF4B-00C04F79EFBC}") = "Problem-0019", "Problems\Problem-0019\Problem-0019.csproj", "{853EC3FE-FCC2-48E5-9E6B-C5EB8AC29DB5}"
EndProject
Project("{FAE04EC0-301F-11D3-BF4B-00C04F79EFBC}") = "Problem-0020", "Problems\Problem-0020\Problem-0020.csproj", "{9503D889-7ABD-4C64-B590-555AA5A264D7}"
EndProject
Project("{FAE04EC0-301F-11D3-BF4B-00C04F79EFBC}") = "Problem-0022", "Problems\Problem-0022\Problem-0022.csproj", "{9ACF94D4-29CF-48CA-8E51-11CA65E36355}"
EndProject
Project("{FAE04EC0-301F-11D3-BF4B-00C04F79EFBC}") = "Problem-0023", "Problems\Problem-0023\Problem-0023.csproj", "{B88ABCA2-47F9-4695-9840-FF59BBA0771E}"
EndProject
Project("{FAE04EC0-301F-11D3-BF4B-00C04F79EFBC}") = "Problem-0053", "Problems\Problem-0053\Problem-0053.csproj", "{EF776829-E0F4-4526-BCED-16D823E971D3}"
EndProject
Project("{FAE04EC0-301F-11D3-BF4B-00C04F79EFBC}") = "Problem-0119", "Problems\Problem-0119\Problem-0119.csproj", "{4F68CB49-A08D-4C24-80EE-EA8544A2F89D}"
EndProject
Project("{FAE04EC0-301F-11D3-BF4B-00C04F79EFBC}") = "Problem-0138", "Problems\Problem-0138\Problem-0138.csproj", "{8A964E0C-74BB-43FD-A7AD-78C5C9B7DEE7}"
EndProject
Project("{FAE04EC0-301F-11D3-BF4B-00C04F79EFBC}") = "Problem-1042", "Problems\Problem-1042\Problem-1042.csproj", "{20A39ADD-14FA-45E7-8A46-913BD5F7C39D}"
EndProject
Project("{FAE04EC0-301F-11D3-BF4B-00C04F79EFBC}") = "Problem-1054", "Problems\Problme-1054\Problem-1054.csproj", "{CC8EB286-5624-43DC-ABFE-41FEF282A5A4}"
EndProject
Project("{FAE04EC0-301F-11D3-BF4B-00C04F79EFBC}") = "Problem-1095", "Problems\Problem-1095\Problem-1095.csproj", "{92EEE517-E0F1-43F0-8B15-772C9FEC838C}"
EndProject
Project("{FAE04EC0-301F-11D3-BF4B-00C04F79EFBC}") = "Problem-1099", "Problems\Problem-1099\Problem-1099.csproj", "{273CD4FB-93AD-4053-88EB-9DA922BFA221}"
EndProject
Project("{FAE04EC0-301F-11D3-BF4B-00C04F79EFBC}") = "Problem-1162", "Problems\Problem-1162\Problem-1162.csproj", "{3E1CFE23-46BA-41BD-AC3E-A603A143404E}"
EndProject
Project("{FAE04EC0-301F-11D3-BF4B-00C04F79EFBC}") = "Problem-1196", "Problems\Problem-1196\Problem-1196.csproj", "{B98BE173-DC6F-4BF2-B735-097CE32F525F}"
EndProject
Project("{FAE04EC0-301F-11D3-BF4B-00C04F79EFBC}") = "Problem-0045", "Problems\Problem-0045\Problem-0045.csproj", "{FAFD4FF0-BAAE-4BC7-AA77-2838DCF9EDAC}"
EndProject
Project("{FAE04EC0-301F-11D3-BF4B-00C04F79EFBC}") = "Problem-0071", "Problems\Problem-0071\Problem-0071.csproj", "{2736705C-8C77-4006-BADD-8C53C50C63E7}"
EndProject
Project("{FAE04EC0-301F-11D3-BF4B-00C04F79EFBC}") = "Problem-0257", "Problems\Problem-0257\Problem-0257.csproj", "{83C771CA-5211-4D8E-89A2-F2AA3DEB7894}"
EndProject
Project("{FAE04EC0-301F-11D3-BF4B-00C04F79EFBC}") = "Problem-0374", "Problems\Problem-0374\Problem-0374.csproj", "{E6711042-7C57-4F44-90A7-D8697DB1FF39}"
EndProject
Project("{FAE04EC0-301F-11D3-BF4B-00C04F79EFBC}") = "Problem-0604", "Problems\Problem-0604\Problem-0604.csproj", "{A010362A-3EC2-41F3-A9CF-C0D47408B4B3}"
EndProject
Project("{FAE04EC0-301F-11D3-BF4B-00C04F79EFBC}") = "Problem-0789", "Problems\Problem-0789\Problem-0789.csproj", "{886D3446-4AE0-4F84-8F4A-48C5A10757E8}"
EndProject
Project("{FAE04EC0-301F-11D3-BF4B-00C04F79EFBC}") = "Problem-0918", "Problems\Problem-0918\Problem-0918.csproj", "{D2DCE51B-7D52-42F1-AB56-68677ABC0D64}"
EndProject
Project("{FAE04EC0-301F-11D3-BF4B-00C04F79EFBC}") = "Problem-1184", "Problems\Problem-1184\Problem-1184.csproj", "{2D42E43F-8559-4C52-BF5C-C946752121F1}"
EndProject
Project("{FAE04EC0-301F-11D3-BF4B-00C04F79EFBC}") = "Problem-0939", "Problems\Problem-0939\Problem-0939.csproj", "{B9906546-C5DD-4A83-A9CF-9DC54149AC64}"
EndProject
Project("{FAE04EC0-301F-11D3-BF4B-00C04F79EFBC}") = "Problem-1068", "Problems\Problem-1068\Problem-1068.csproj", "{E5448784-7536-4A3B-896F-BBD82996B783}"
EndProject
Project("{FAE04EC0-301F-11D3-BF4B-00C04F79EFBC}") = "Problem-1117", "Problems\Problem-1117\Problem-1117.csproj", "{FB56F356-191C-4B23-B7D9-134E98BCCFFE}"
EndProject
Project("{FAE04EC0-301F-11D3-BF4B-00C04F79EFBC}") = "Problem-0028", "Problems\Problem-0028\Problem-0028.csproj", "{60C101DC-8E77-4473-8A1D-30F77FDE7C19}"
EndProject
Project("{FAE04EC0-301F-11D3-BF4B-00C04F79EFBC}") = "Problem-0044", "Problems\Problem-0044\Problem-0044.csproj", "{82100C21-986F-4EBE-B84C-796FE8120335}"
EndProject
Project("{FAE04EC0-301F-11D3-BF4B-00C04F79EFBC}") = "Problem-0048", "Problems\Problem-0048\Problem-0048.csproj", "{9CE4BFC9-2A04-4295-A5F8-108A04302227}"
EndProject
Project("{FAE04EC0-301F-11D3-BF4B-00C04F79EFBC}") = "Problem-0076", "Problems\Problem-0076\Problem-0076.csproj", "{7F17BA7C-0334-459E-A38D-5ACC3E4F3EEB}"
EndProject
Project("{FAE04EC0-301F-11D3-BF4B-00C04F79EFBC}") = "Problem-0082", "Problems\Problem-0082\Problem-0082.csproj", "{CD63119C-A844-40EE-B05A-707F649226AD}"
EndProject
Project("{FAE04EC0-301F-11D3-BF4B-00C04F79EFBC}") = "Problme-0113", "Problems\Problme-0113\Problme-0113.csproj", "{06540177-40DC-4CAF-BD5C-36B16604322C}"
EndProject
Project("{FAE04EC0-301F-11D3-BF4B-00C04F79EFBC}") = "Problem-0114", "Problems\Problem-0114\Problem-0114.csproj", "{5FE4CE74-A85B-4A12-AA4B-C3411864F4D8}"
EndProject
Project("{FAE04EC0-301F-11D3-BF4B-00C04F79EFBC}") = "Problem-0217", "Problems\Problem-0217\Problem-0217.csproj", "{E9F20A70-E2ED-4285-80B5-123FD8435487}"
EndProject
Project("{FAE04EC0-301F-11D3-BF4B-00C04F79EFBC}") = "Problem-0301", "Problems\Problem-0301\Problem-0301.csproj", "{45884B9C-D029-499A-94ED-71DFB2F0FC98}"
EndProject
Project("{FAE04EC0-301F-11D3-BF4B-00C04F79EFBC}") = "Problem-0376", "Problems\Problem-0376\Problem-0376.csproj", "{38E82C2D-9919-480C-AA90-66D617CBB74E}"
EndProject
Project("{FAE04EC0-301F-11D3-BF4B-00C04F79EFBC}") = "Problem-0293", "Problems\Problem-0293\Problem-0293.csproj", "{4815968A-C3C7-4C7D-8BDA-47215375D665}"
EndProject
Project("{FAE04EC0-301F-11D3-BF4B-00C04F79EFBC}") = "Problem-0265", "Problems\Problem-0265\Problem-0265.csproj", "{703ECEA3-F26A-4ED1-966D-B30E41E049AC}"
EndProject
Project("{FAE04EC0-301F-11D3-BF4B-00C04F79EFBC}") = "Problem-0229", "Problems\Problem-0229\Problem-0229.csproj", "{8A37BF88-13AD-413C-9AB3-A19738808B41}"
EndProject
Project("{FAE04EC0-301F-11D3-BF4B-00C04F79EFBC}") = "Problem-0448", "Problems\Problem-0448\Problem-0448.csproj", "{6888B851-220F-4437-A93F-361B7D9A62FA}"
EndProject
Project("{FAE04EC0-301F-11D3-BF4B-00C04F79EFBC}") = "Problem-0467", "Problems\Problem-0467\Problem-0467.csproj", "{55CB3F25-E99A-4186-93A2-E30F01F15939}"
EndProject
Project("{FAE04EC0-301F-11D3-BF4B-00C04F79EFBC}") = "Problem-0474", "Problems\Problem-0474\Problem-0474.csproj", "{7673FB78-E2E1-4393-A625-BB9E40EABFB3}"
EndProject
Project("{FAE04EC0-301F-11D3-BF4B-00C04F79EFBC}") = "Problem-0516", "Problems\Problem-0516\Problem-0516.csproj", "{96E16377-B518-48B5-A279-B8A8F7D42CF1}"
EndProject
Project("{FAE04EC0-301F-11D3-BF4B-00C04F79EFBC}") = "Problem-0524", "Problems\Problem-0524\Problem-0524.csproj", "{6483D754-6D6D-4E1B-9DDA-CCA01E0B20C8}"
EndProject
Project("{FAE04EC0-301F-11D3-BF4B-00C04F79EFBC}") = "Problem-0550", "Problems\Problem-0550\Problem-0550.csproj", "{AE3627F2-A60C-4ED6-A0C7-E54684AE8A8F}"
EndProject
Project("{FAE04EC0-301F-11D3-BF4B-00C04F79EFBC}") = "Problem-0551", "Problems\Problem-0551\Problem-0551.csproj", "{08D866E6-B5B9-4C91-9929-C3FDF5CCD14A}"
EndProject
Project("{FAE04EC0-301F-11D3-BF4B-00C04F79EFBC}") = "Problem-0425", "Problems\Problem-0425\Problem-0425.csproj", "{2D874A84-54CC-43B8-BC0E-EAAC0A19A10B}"
EndProject
Project("{FAE04EC0-301F-11D3-BF4B-00C04F79EFBC}") = "Problem-0392", "Problems\Problem-0392\Problem-0392.csproj", "{999D0E1F-ACE7-4344-96CB-E45949C25362}"
EndProject
Project("{FAE04EC0-301F-11D3-BF4B-00C04F79EFBC}") = "Problem-0511", "Problems\Problem-0511\Problem-0511.csproj", "{904DADFE-32C9-4404-BE1E-7F315F0F8D1D}"
EndProject
Global
	GlobalSection(SolutionConfigurationPlatforms) = preSolution
		Debug|Any CPU = Debug|Any CPU
		Release|Any CPU = Release|Any CPU
	EndGlobalSection
	GlobalSection(ProjectConfigurationPlatforms) = postSolution
		{0F841E26-1B97-4D29-85C1-7D4060EAFA8A}.Debug|Any CPU.ActiveCfg = Debug|Any CPU
		{0F841E26-1B97-4D29-85C1-7D4060EAFA8A}.Debug|Any CPU.Build.0 = Debug|Any CPU
		{0F841E26-1B97-4D29-85C1-7D4060EAFA8A}.Release|Any CPU.ActiveCfg = Release|Any CPU
		{0F841E26-1B97-4D29-85C1-7D4060EAFA8A}.Release|Any CPU.Build.0 = Release|Any CPU
		{B9590B00-CED6-42E6-8F35-2B5C040709FC}.Debug|Any CPU.ActiveCfg = Debug|Any CPU
		{B9590B00-CED6-42E6-8F35-2B5C040709FC}.Debug|Any CPU.Build.0 = Debug|Any CPU
		{B9590B00-CED6-42E6-8F35-2B5C040709FC}.Release|Any CPU.ActiveCfg = Release|Any CPU
		{B9590B00-CED6-42E6-8F35-2B5C040709FC}.Release|Any CPU.Build.0 = Release|Any CPU
		{713BCD6D-71BA-4322-A2DF-3DF81FFB92DB}.Debug|Any CPU.ActiveCfg = Debug|Any CPU
		{713BCD6D-71BA-4322-A2DF-3DF81FFB92DB}.Debug|Any CPU.Build.0 = Debug|Any CPU
		{713BCD6D-71BA-4322-A2DF-3DF81FFB92DB}.Release|Any CPU.ActiveCfg = Release|Any CPU
		{713BCD6D-71BA-4322-A2DF-3DF81FFB92DB}.Release|Any CPU.Build.0 = Release|Any CPU
		{2CD2D9E1-6E65-46D2-8A59-91F418BD0F17}.Debug|Any CPU.ActiveCfg = Debug|Any CPU
		{2CD2D9E1-6E65-46D2-8A59-91F418BD0F17}.Debug|Any CPU.Build.0 = Debug|Any CPU
		{2CD2D9E1-6E65-46D2-8A59-91F418BD0F17}.Release|Any CPU.ActiveCfg = Release|Any CPU
		{2CD2D9E1-6E65-46D2-8A59-91F418BD0F17}.Release|Any CPU.Build.0 = Release|Any CPU
		{F585958D-7F2F-47C9-A135-87CE7E1E7E00}.Debug|Any CPU.ActiveCfg = Debug|Any CPU
		{F585958D-7F2F-47C9-A135-87CE7E1E7E00}.Debug|Any CPU.Build.0 = Debug|Any CPU
		{F585958D-7F2F-47C9-A135-87CE7E1E7E00}.Release|Any CPU.ActiveCfg = Release|Any CPU
		{F585958D-7F2F-47C9-A135-87CE7E1E7E00}.Release|Any CPU.Build.0 = Release|Any CPU
		{DC6B88C5-CB66-4FBB-9233-A6EB3EF1E6F8}.Debug|Any CPU.ActiveCfg = Debug|Any CPU
		{DC6B88C5-CB66-4FBB-9233-A6EB3EF1E6F8}.Debug|Any CPU.Build.0 = Debug|Any CPU
		{DC6B88C5-CB66-4FBB-9233-A6EB3EF1E6F8}.Release|Any CPU.ActiveCfg = Release|Any CPU
		{DC6B88C5-CB66-4FBB-9233-A6EB3EF1E6F8}.Release|Any CPU.Build.0 = Release|Any CPU
		{C3E79884-B861-478A-ADA5-5031443F778F}.Debug|Any CPU.ActiveCfg = Debug|Any CPU
		{C3E79884-B861-478A-ADA5-5031443F778F}.Debug|Any CPU.Build.0 = Debug|Any CPU
		{C3E79884-B861-478A-ADA5-5031443F778F}.Release|Any CPU.ActiveCfg = Release|Any CPU
		{C3E79884-B861-478A-ADA5-5031443F778F}.Release|Any CPU.Build.0 = Release|Any CPU
		{20238339-8B0B-4388-BA6A-408B90EEEB26}.Debug|Any CPU.ActiveCfg = Debug|Any CPU
		{20238339-8B0B-4388-BA6A-408B90EEEB26}.Debug|Any CPU.Build.0 = Debug|Any CPU
		{20238339-8B0B-4388-BA6A-408B90EEEB26}.Release|Any CPU.ActiveCfg = Release|Any CPU
		{20238339-8B0B-4388-BA6A-408B90EEEB26}.Release|Any CPU.Build.0 = Release|Any CPU
		{B112DDEB-72AE-F6BD-020F-7E71CAB91060}.Debug|Any CPU.ActiveCfg = Debug|Any CPU
		{B112DDEB-72AE-F6BD-020F-7E71CAB91060}.Debug|Any CPU.Build.0 = Debug|Any CPU
		{B112DDEB-72AE-F6BD-020F-7E71CAB91060}.Release|Any CPU.ActiveCfg = Release|Any CPU
		{B112DDEB-72AE-F6BD-020F-7E71CAB91060}.Release|Any CPU.Build.0 = Release|Any CPU
		{AE818291-C77B-FB21-D3CF-529A59443219}.Debug|Any CPU.ActiveCfg = Debug|Any CPU
		{AE818291-C77B-FB21-D3CF-529A59443219}.Debug|Any CPU.Build.0 = Debug|Any CPU
		{AE818291-C77B-FB21-D3CF-529A59443219}.Release|Any CPU.ActiveCfg = Release|Any CPU
		{AE818291-C77B-FB21-D3CF-529A59443219}.Release|Any CPU.Build.0 = Release|Any CPU
		{53047657-141E-6E96-3076-27B82C0F978D}.Debug|Any CPU.ActiveCfg = Debug|Any CPU
		{53047657-141E-6E96-3076-27B82C0F978D}.Debug|Any CPU.Build.0 = Debug|Any CPU
		{53047657-141E-6E96-3076-27B82C0F978D}.Release|Any CPU.ActiveCfg = Release|Any CPU
		{53047657-141E-6E96-3076-27B82C0F978D}.Release|Any CPU.Build.0 = Release|Any CPU
		{267DF5C1-EB5C-ED53-D308-8677B0CF1AD7}.Debug|Any CPU.ActiveCfg = Debug|Any CPU
		{267DF5C1-EB5C-ED53-D308-8677B0CF1AD7}.Debug|Any CPU.Build.0 = Debug|Any CPU
		{267DF5C1-EB5C-ED53-D308-8677B0CF1AD7}.Release|Any CPU.ActiveCfg = Release|Any CPU
		{267DF5C1-EB5C-ED53-D308-8677B0CF1AD7}.Release|Any CPU.Build.0 = Release|Any CPU
		{6183112A-8EB5-A57F-FC2F-4369CCCE73C8}.Debug|Any CPU.ActiveCfg = Debug|Any CPU
		{6183112A-8EB5-A57F-FC2F-4369CCCE73C8}.Debug|Any CPU.Build.0 = Debug|Any CPU
		{6183112A-8EB5-A57F-FC2F-4369CCCE73C8}.Release|Any CPU.ActiveCfg = Release|Any CPU
		{6183112A-8EB5-A57F-FC2F-4369CCCE73C8}.Release|Any CPU.Build.0 = Release|Any CPU
		{104BAC3F-7D58-3D4B-62FC-DC50A04EF33F}.Debug|Any CPU.ActiveCfg = Debug|Any CPU
		{104BAC3F-7D58-3D4B-62FC-DC50A04EF33F}.Debug|Any CPU.Build.0 = Debug|Any CPU
		{104BAC3F-7D58-3D4B-62FC-DC50A04EF33F}.Release|Any CPU.ActiveCfg = Release|Any CPU
		{104BAC3F-7D58-3D4B-62FC-DC50A04EF33F}.Release|Any CPU.Build.0 = Release|Any CPU
		{7C6C7DF3-2677-20C2-F7D6-D368AC8C88BA}.Debug|Any CPU.ActiveCfg = Debug|Any CPU
		{7C6C7DF3-2677-20C2-F7D6-D368AC8C88BA}.Debug|Any CPU.Build.0 = Debug|Any CPU
		{7C6C7DF3-2677-20C2-F7D6-D368AC8C88BA}.Release|Any CPU.ActiveCfg = Release|Any CPU
		{7C6C7DF3-2677-20C2-F7D6-D368AC8C88BA}.Release|Any CPU.Build.0 = Release|Any CPU
		{AC4C62F9-4F08-FD4B-4024-E7501C871049}.Debug|Any CPU.ActiveCfg = Debug|Any CPU
		{AC4C62F9-4F08-FD4B-4024-E7501C871049}.Debug|Any CPU.Build.0 = Debug|Any CPU
		{AC4C62F9-4F08-FD4B-4024-E7501C871049}.Release|Any CPU.ActiveCfg = Release|Any CPU
		{AC4C62F9-4F08-FD4B-4024-E7501C871049}.Release|Any CPU.Build.0 = Release|Any CPU
		{51D531CD-1B1B-795B-1906-4BEBF391D1CF}.Debug|Any CPU.ActiveCfg = Debug|Any CPU
		{51D531CD-1B1B-795B-1906-4BEBF391D1CF}.Debug|Any CPU.Build.0 = Debug|Any CPU
		{51D531CD-1B1B-795B-1906-4BEBF391D1CF}.Release|Any CPU.ActiveCfg = Release|Any CPU
		{51D531CD-1B1B-795B-1906-4BEBF391D1CF}.Release|Any CPU.Build.0 = Release|Any CPU
		{8C4EF294-36F2-97A9-A718-D9CDE4C6874F}.Debug|Any CPU.ActiveCfg = Debug|Any CPU
		{8C4EF294-36F2-97A9-A718-D9CDE4C6874F}.Debug|Any CPU.Build.0 = Debug|Any CPU
		{8C4EF294-36F2-97A9-A718-D9CDE4C6874F}.Release|Any CPU.ActiveCfg = Release|Any CPU
		{8C4EF294-36F2-97A9-A718-D9CDE4C6874F}.Release|Any CPU.Build.0 = Release|Any CPU
		{BC3DD2AD-9C77-5B68-E490-ABD50C4DAFE2}.Debug|Any CPU.ActiveCfg = Debug|Any CPU
		{BC3DD2AD-9C77-5B68-E490-ABD50C4DAFE2}.Debug|Any CPU.Build.0 = Debug|Any CPU
		{BC3DD2AD-9C77-5B68-E490-ABD50C4DAFE2}.Release|Any CPU.ActiveCfg = Release|Any CPU
		{BC3DD2AD-9C77-5B68-E490-ABD50C4DAFE2}.Release|Any CPU.Build.0 = Release|Any CPU
		{ADB2B012-2C5F-01DF-8066-F7710092D5DD}.Debug|Any CPU.ActiveCfg = Debug|Any CPU
		{ADB2B012-2C5F-01DF-8066-F7710092D5DD}.Debug|Any CPU.Build.0 = Debug|Any CPU
		{ADB2B012-2C5F-01DF-8066-F7710092D5DD}.Release|Any CPU.ActiveCfg = Release|Any CPU
		{ADB2B012-2C5F-01DF-8066-F7710092D5DD}.Release|Any CPU.Build.0 = Release|Any CPU
		{E0367EDF-D7F9-FE27-B2F7-4BE546C61BFE}.Debug|Any CPU.ActiveCfg = Debug|Any CPU
		{E0367EDF-D7F9-FE27-B2F7-4BE546C61BFE}.Debug|Any CPU.Build.0 = Debug|Any CPU
		{E0367EDF-D7F9-FE27-B2F7-4BE546C61BFE}.Release|Any CPU.ActiveCfg = Release|Any CPU
		{E0367EDF-D7F9-FE27-B2F7-4BE546C61BFE}.Release|Any CPU.Build.0 = Release|Any CPU
		{26AD64F3-C2B8-E6BA-CF56-99B00789294A}.Debug|Any CPU.ActiveCfg = Debug|Any CPU
		{26AD64F3-C2B8-E6BA-CF56-99B00789294A}.Debug|Any CPU.Build.0 = Debug|Any CPU
		{26AD64F3-C2B8-E6BA-CF56-99B00789294A}.Release|Any CPU.ActiveCfg = Release|Any CPU
		{26AD64F3-C2B8-E6BA-CF56-99B00789294A}.Release|Any CPU.Build.0 = Release|Any CPU
		{903692EB-57D7-F7F1-17C9-5B640BB06B0A}.Debug|Any CPU.ActiveCfg = Debug|Any CPU
		{903692EB-57D7-F7F1-17C9-5B640BB06B0A}.Debug|Any CPU.Build.0 = Debug|Any CPU
		{903692EB-57D7-F7F1-17C9-5B640BB06B0A}.Release|Any CPU.ActiveCfg = Release|Any CPU
		{903692EB-57D7-F7F1-17C9-5B640BB06B0A}.Release|Any CPU.Build.0 = Release|Any CPU
		{D4292524-FEC0-7CE3-7BAA-2D89C83165BF}.Debug|Any CPU.ActiveCfg = Debug|Any CPU
		{D4292524-FEC0-7CE3-7BAA-2D89C83165BF}.Debug|Any CPU.Build.0 = Debug|Any CPU
		{D4292524-FEC0-7CE3-7BAA-2D89C83165BF}.Release|Any CPU.ActiveCfg = Release|Any CPU
		{D4292524-FEC0-7CE3-7BAA-2D89C83165BF}.Release|Any CPU.Build.0 = Release|Any CPU
		{F0D17118-71A0-BD2D-BF97-44905AE36443}.Debug|Any CPU.ActiveCfg = Debug|Any CPU
		{F0D17118-71A0-BD2D-BF97-44905AE36443}.Debug|Any CPU.Build.0 = Debug|Any CPU
		{F0D17118-71A0-BD2D-BF97-44905AE36443}.Release|Any CPU.ActiveCfg = Release|Any CPU
		{F0D17118-71A0-BD2D-BF97-44905AE36443}.Release|Any CPU.Build.0 = Release|Any CPU
		{F8F2E94E-4F37-825F-1F64-8C118A85BD15}.Debug|Any CPU.ActiveCfg = Debug|Any CPU
		{F8F2E94E-4F37-825F-1F64-8C118A85BD15}.Debug|Any CPU.Build.0 = Debug|Any CPU
		{F8F2E94E-4F37-825F-1F64-8C118A85BD15}.Release|Any CPU.ActiveCfg = Release|Any CPU
		{F8F2E94E-4F37-825F-1F64-8C118A85BD15}.Release|Any CPU.Build.0 = Release|Any CPU
		{496DCAB1-E5A9-4278-931A-80F9B8047D85}.Debug|Any CPU.ActiveCfg = Debug|Any CPU
		{496DCAB1-E5A9-4278-931A-80F9B8047D85}.Debug|Any CPU.Build.0 = Debug|Any CPU
		{496DCAB1-E5A9-4278-931A-80F9B8047D85}.Release|Any CPU.ActiveCfg = Release|Any CPU
		{496DCAB1-E5A9-4278-931A-80F9B8047D85}.Release|Any CPU.Build.0 = Release|Any CPU
		{853EC3FE-FCC2-48E5-9E6B-C5EB8AC29DB5}.Debug|Any CPU.ActiveCfg = Debug|Any CPU
		{853EC3FE-FCC2-48E5-9E6B-C5EB8AC29DB5}.Debug|Any CPU.Build.0 = Debug|Any CPU
		{853EC3FE-FCC2-48E5-9E6B-C5EB8AC29DB5}.Release|Any CPU.ActiveCfg = Release|Any CPU
		{853EC3FE-FCC2-48E5-9E6B-C5EB8AC29DB5}.Release|Any CPU.Build.0 = Release|Any CPU
		{9503D889-7ABD-4C64-B590-555AA5A264D7}.Debug|Any CPU.ActiveCfg = Debug|Any CPU
		{9503D889-7ABD-4C64-B590-555AA5A264D7}.Debug|Any CPU.Build.0 = Debug|Any CPU
		{9503D889-7ABD-4C64-B590-555AA5A264D7}.Release|Any CPU.ActiveCfg = Release|Any CPU
		{9503D889-7ABD-4C64-B590-555AA5A264D7}.Release|Any CPU.Build.0 = Release|Any CPU
		{9ACF94D4-29CF-48CA-8E51-11CA65E36355}.Debug|Any CPU.ActiveCfg = Debug|Any CPU
		{9ACF94D4-29CF-48CA-8E51-11CA65E36355}.Debug|Any CPU.Build.0 = Debug|Any CPU
		{9ACF94D4-29CF-48CA-8E51-11CA65E36355}.Release|Any CPU.ActiveCfg = Release|Any CPU
		{9ACF94D4-29CF-48CA-8E51-11CA65E36355}.Release|Any CPU.Build.0 = Release|Any CPU
		{B88ABCA2-47F9-4695-9840-FF59BBA0771E}.Debug|Any CPU.ActiveCfg = Debug|Any CPU
		{B88ABCA2-47F9-4695-9840-FF59BBA0771E}.Debug|Any CPU.Build.0 = Debug|Any CPU
		{B88ABCA2-47F9-4695-9840-FF59BBA0771E}.Release|Any CPU.ActiveCfg = Release|Any CPU
		{B88ABCA2-47F9-4695-9840-FF59BBA0771E}.Release|Any CPU.Build.0 = Release|Any CPU
		{EF776829-E0F4-4526-BCED-16D823E971D3}.Debug|Any CPU.ActiveCfg = Debug|Any CPU
		{EF776829-E0F4-4526-BCED-16D823E971D3}.Debug|Any CPU.Build.0 = Debug|Any CPU
		{EF776829-E0F4-4526-BCED-16D823E971D3}.Release|Any CPU.ActiveCfg = Release|Any CPU
		{EF776829-E0F4-4526-BCED-16D823E971D3}.Release|Any CPU.Build.0 = Release|Any CPU
		{4F68CB49-A08D-4C24-80EE-EA8544A2F89D}.Debug|Any CPU.ActiveCfg = Debug|Any CPU
		{4F68CB49-A08D-4C24-80EE-EA8544A2F89D}.Debug|Any CPU.Build.0 = Debug|Any CPU
		{4F68CB49-A08D-4C24-80EE-EA8544A2F89D}.Release|Any CPU.ActiveCfg = Release|Any CPU
		{4F68CB49-A08D-4C24-80EE-EA8544A2F89D}.Release|Any CPU.Build.0 = Release|Any CPU
		{8A964E0C-74BB-43FD-A7AD-78C5C9B7DEE7}.Debug|Any CPU.ActiveCfg = Debug|Any CPU
		{8A964E0C-74BB-43FD-A7AD-78C5C9B7DEE7}.Debug|Any CPU.Build.0 = Debug|Any CPU
		{8A964E0C-74BB-43FD-A7AD-78C5C9B7DEE7}.Release|Any CPU.ActiveCfg = Release|Any CPU
		{8A964E0C-74BB-43FD-A7AD-78C5C9B7DEE7}.Release|Any CPU.Build.0 = Release|Any CPU
		{20A39ADD-14FA-45E7-8A46-913BD5F7C39D}.Debug|Any CPU.ActiveCfg = Debug|Any CPU
		{20A39ADD-14FA-45E7-8A46-913BD5F7C39D}.Debug|Any CPU.Build.0 = Debug|Any CPU
		{20A39ADD-14FA-45E7-8A46-913BD5F7C39D}.Release|Any CPU.ActiveCfg = Release|Any CPU
		{20A39ADD-14FA-45E7-8A46-913BD5F7C39D}.Release|Any CPU.Build.0 = Release|Any CPU
		{CC8EB286-5624-43DC-ABFE-41FEF282A5A4}.Debug|Any CPU.ActiveCfg = Debug|Any CPU
		{CC8EB286-5624-43DC-ABFE-41FEF282A5A4}.Debug|Any CPU.Build.0 = Debug|Any CPU
		{CC8EB286-5624-43DC-ABFE-41FEF282A5A4}.Release|Any CPU.ActiveCfg = Release|Any CPU
		{CC8EB286-5624-43DC-ABFE-41FEF282A5A4}.Release|Any CPU.Build.0 = Release|Any CPU
		{92EEE517-E0F1-43F0-8B15-772C9FEC838C}.Debug|Any CPU.ActiveCfg = Debug|Any CPU
		{92EEE517-E0F1-43F0-8B15-772C9FEC838C}.Debug|Any CPU.Build.0 = Debug|Any CPU
		{92EEE517-E0F1-43F0-8B15-772C9FEC838C}.Release|Any CPU.ActiveCfg = Release|Any CPU
		{92EEE517-E0F1-43F0-8B15-772C9FEC838C}.Release|Any CPU.Build.0 = Release|Any CPU
		{273CD4FB-93AD-4053-88EB-9DA922BFA221}.Debug|Any CPU.ActiveCfg = Debug|Any CPU
		{273CD4FB-93AD-4053-88EB-9DA922BFA221}.Debug|Any CPU.Build.0 = Debug|Any CPU
		{273CD4FB-93AD-4053-88EB-9DA922BFA221}.Release|Any CPU.ActiveCfg = Release|Any CPU
		{273CD4FB-93AD-4053-88EB-9DA922BFA221}.Release|Any CPU.Build.0 = Release|Any CPU
		{3E1CFE23-46BA-41BD-AC3E-A603A143404E}.Debug|Any CPU.ActiveCfg = Debug|Any CPU
		{3E1CFE23-46BA-41BD-AC3E-A603A143404E}.Debug|Any CPU.Build.0 = Debug|Any CPU
		{3E1CFE23-46BA-41BD-AC3E-A603A143404E}.Release|Any CPU.ActiveCfg = Release|Any CPU
		{3E1CFE23-46BA-41BD-AC3E-A603A143404E}.Release|Any CPU.Build.0 = Release|Any CPU
		{B98BE173-DC6F-4BF2-B735-097CE32F525F}.Debug|Any CPU.ActiveCfg = Debug|Any CPU
		{B98BE173-DC6F-4BF2-B735-097CE32F525F}.Debug|Any CPU.Build.0 = Debug|Any CPU
		{B98BE173-DC6F-4BF2-B735-097CE32F525F}.Release|Any CPU.ActiveCfg = Release|Any CPU
		{B98BE173-DC6F-4BF2-B735-097CE32F525F}.Release|Any CPU.Build.0 = Release|Any CPU
		{FAFD4FF0-BAAE-4BC7-AA77-2838DCF9EDAC}.Debug|Any CPU.ActiveCfg = Debug|Any CPU
		{FAFD4FF0-BAAE-4BC7-AA77-2838DCF9EDAC}.Debug|Any CPU.Build.0 = Debug|Any CPU
		{FAFD4FF0-BAAE-4BC7-AA77-2838DCF9EDAC}.Release|Any CPU.ActiveCfg = Release|Any CPU
		{FAFD4FF0-BAAE-4BC7-AA77-2838DCF9EDAC}.Release|Any CPU.Build.0 = Release|Any CPU
		{2736705C-8C77-4006-BADD-8C53C50C63E7}.Debug|Any CPU.ActiveCfg = Debug|Any CPU
		{2736705C-8C77-4006-BADD-8C53C50C63E7}.Debug|Any CPU.Build.0 = Debug|Any CPU
		{2736705C-8C77-4006-BADD-8C53C50C63E7}.Release|Any CPU.ActiveCfg = Release|Any CPU
		{2736705C-8C77-4006-BADD-8C53C50C63E7}.Release|Any CPU.Build.0 = Release|Any CPU
		{83C771CA-5211-4D8E-89A2-F2AA3DEB7894}.Debug|Any CPU.ActiveCfg = Debug|Any CPU
		{83C771CA-5211-4D8E-89A2-F2AA3DEB7894}.Debug|Any CPU.Build.0 = Debug|Any CPU
		{83C771CA-5211-4D8E-89A2-F2AA3DEB7894}.Release|Any CPU.ActiveCfg = Release|Any CPU
		{83C771CA-5211-4D8E-89A2-F2AA3DEB7894}.Release|Any CPU.Build.0 = Release|Any CPU
		{E6711042-7C57-4F44-90A7-D8697DB1FF39}.Debug|Any CPU.ActiveCfg = Debug|Any CPU
		{E6711042-7C57-4F44-90A7-D8697DB1FF39}.Debug|Any CPU.Build.0 = Debug|Any CPU
		{E6711042-7C57-4F44-90A7-D8697DB1FF39}.Release|Any CPU.ActiveCfg = Release|Any CPU
		{E6711042-7C57-4F44-90A7-D8697DB1FF39}.Release|Any CPU.Build.0 = Release|Any CPU
		{A010362A-3EC2-41F3-A9CF-C0D47408B4B3}.Debug|Any CPU.ActiveCfg = Debug|Any CPU
		{A010362A-3EC2-41F3-A9CF-C0D47408B4B3}.Debug|Any CPU.Build.0 = Debug|Any CPU
		{A010362A-3EC2-41F3-A9CF-C0D47408B4B3}.Release|Any CPU.ActiveCfg = Release|Any CPU
		{A010362A-3EC2-41F3-A9CF-C0D47408B4B3}.Release|Any CPU.Build.0 = Release|Any CPU
		{886D3446-4AE0-4F84-8F4A-48C5A10757E8}.Debug|Any CPU.ActiveCfg = Debug|Any CPU
		{886D3446-4AE0-4F84-8F4A-48C5A10757E8}.Debug|Any CPU.Build.0 = Debug|Any CPU
		{886D3446-4AE0-4F84-8F4A-48C5A10757E8}.Release|Any CPU.ActiveCfg = Release|Any CPU
		{886D3446-4AE0-4F84-8F4A-48C5A10757E8}.Release|Any CPU.Build.0 = Release|Any CPU
		{D2DCE51B-7D52-42F1-AB56-68677ABC0D64}.Debug|Any CPU.ActiveCfg = Debug|Any CPU
		{D2DCE51B-7D52-42F1-AB56-68677ABC0D64}.Debug|Any CPU.Build.0 = Debug|Any CPU
		{D2DCE51B-7D52-42F1-AB56-68677ABC0D64}.Release|Any CPU.ActiveCfg = Release|Any CPU
		{D2DCE51B-7D52-42F1-AB56-68677ABC0D64}.Release|Any CPU.Build.0 = Release|Any CPU
		{2D42E43F-8559-4C52-BF5C-C946752121F1}.Debug|Any CPU.ActiveCfg = Debug|Any CPU
		{2D42E43F-8559-4C52-BF5C-C946752121F1}.Debug|Any CPU.Build.0 = Debug|Any CPU
		{2D42E43F-8559-4C52-BF5C-C946752121F1}.Release|Any CPU.ActiveCfg = Release|Any CPU
		{2D42E43F-8559-4C52-BF5C-C946752121F1}.Release|Any CPU.Build.0 = Release|Any CPU
		{B9906546-C5DD-4A83-A9CF-9DC54149AC64}.Debug|Any CPU.ActiveCfg = Debug|Any CPU
		{B9906546-C5DD-4A83-A9CF-9DC54149AC64}.Debug|Any CPU.Build.0 = Debug|Any CPU
		{B9906546-C5DD-4A83-A9CF-9DC54149AC64}.Release|Any CPU.ActiveCfg = Release|Any CPU
		{B9906546-C5DD-4A83-A9CF-9DC54149AC64}.Release|Any CPU.Build.0 = Release|Any CPU
		{E5448784-7536-4A3B-896F-BBD82996B783}.Debug|Any CPU.ActiveCfg = Debug|Any CPU
		{E5448784-7536-4A3B-896F-BBD82996B783}.Debug|Any CPU.Build.0 = Debug|Any CPU
		{E5448784-7536-4A3B-896F-BBD82996B783}.Release|Any CPU.ActiveCfg = Release|Any CPU
		{E5448784-7536-4A3B-896F-BBD82996B783}.Release|Any CPU.Build.0 = Release|Any CPU
		{FB56F356-191C-4B23-B7D9-134E98BCCFFE}.Debug|Any CPU.ActiveCfg = Debug|Any CPU
		{FB56F356-191C-4B23-B7D9-134E98BCCFFE}.Debug|Any CPU.Build.0 = Debug|Any CPU
		{FB56F356-191C-4B23-B7D9-134E98BCCFFE}.Release|Any CPU.ActiveCfg = Release|Any CPU
		{FB56F356-191C-4B23-B7D9-134E98BCCFFE}.Release|Any CPU.Build.0 = Release|Any CPU
		{60C101DC-8E77-4473-8A1D-30F77FDE7C19}.Debug|Any CPU.ActiveCfg = Debug|Any CPU
		{60C101DC-8E77-4473-8A1D-30F77FDE7C19}.Debug|Any CPU.Build.0 = Debug|Any CPU
		{60C101DC-8E77-4473-8A1D-30F77FDE7C19}.Release|Any CPU.ActiveCfg = Release|Any CPU
		{60C101DC-8E77-4473-8A1D-30F77FDE7C19}.Release|Any CPU.Build.0 = Release|Any CPU
		{82100C21-986F-4EBE-B84C-796FE8120335}.Debug|Any CPU.ActiveCfg = Debug|Any CPU
		{82100C21-986F-4EBE-B84C-796FE8120335}.Debug|Any CPU.Build.0 = Debug|Any CPU
		{82100C21-986F-4EBE-B84C-796FE8120335}.Release|Any CPU.ActiveCfg = Release|Any CPU
		{82100C21-986F-4EBE-B84C-796FE8120335}.Release|Any CPU.Build.0 = Release|Any CPU
		{9CE4BFC9-2A04-4295-A5F8-108A04302227}.Debug|Any CPU.ActiveCfg = Debug|Any CPU
		{9CE4BFC9-2A04-4295-A5F8-108A04302227}.Debug|Any CPU.Build.0 = Debug|Any CPU
		{9CE4BFC9-2A04-4295-A5F8-108A04302227}.Release|Any CPU.ActiveCfg = Release|Any CPU
		{9CE4BFC9-2A04-4295-A5F8-108A04302227}.Release|Any CPU.Build.0 = Release|Any CPU
		{7F17BA7C-0334-459E-A38D-5ACC3E4F3EEB}.Debug|Any CPU.ActiveCfg = Debug|Any CPU
		{7F17BA7C-0334-459E-A38D-5ACC3E4F3EEB}.Debug|Any CPU.Build.0 = Debug|Any CPU
		{7F17BA7C-0334-459E-A38D-5ACC3E4F3EEB}.Release|Any CPU.ActiveCfg = Release|Any CPU
		{7F17BA7C-0334-459E-A38D-5ACC3E4F3EEB}.Release|Any CPU.Build.0 = Release|Any CPU
		{CD63119C-A844-40EE-B05A-707F649226AD}.Debug|Any CPU.ActiveCfg = Debug|Any CPU
		{CD63119C-A844-40EE-B05A-707F649226AD}.Debug|Any CPU.Build.0 = Debug|Any CPU
		{CD63119C-A844-40EE-B05A-707F649226AD}.Release|Any CPU.ActiveCfg = Release|Any CPU
		{CD63119C-A844-40EE-B05A-707F649226AD}.Release|Any CPU.Build.0 = Release|Any CPU
		{06540177-40DC-4CAF-BD5C-36B16604322C}.Debug|Any CPU.ActiveCfg = Debug|Any CPU
		{06540177-40DC-4CAF-BD5C-36B16604322C}.Debug|Any CPU.Build.0 = Debug|Any CPU
		{06540177-40DC-4CAF-BD5C-36B16604322C}.Release|Any CPU.ActiveCfg = Release|Any CPU
		{06540177-40DC-4CAF-BD5C-36B16604322C}.Release|Any CPU.Build.0 = Release|Any CPU
		{5FE4CE74-A85B-4A12-AA4B-C3411864F4D8}.Debug|Any CPU.ActiveCfg = Debug|Any CPU
		{5FE4CE74-A85B-4A12-AA4B-C3411864F4D8}.Debug|Any CPU.Build.0 = Debug|Any CPU
		{5FE4CE74-A85B-4A12-AA4B-C3411864F4D8}.Release|Any CPU.ActiveCfg = Release|Any CPU
		{5FE4CE74-A85B-4A12-AA4B-C3411864F4D8}.Release|Any CPU.Build.0 = Release|Any CPU
		{E9F20A70-E2ED-4285-80B5-123FD8435487}.Debug|Any CPU.ActiveCfg = Debug|Any CPU
		{E9F20A70-E2ED-4285-80B5-123FD8435487}.Debug|Any CPU.Build.0 = Debug|Any CPU
		{E9F20A70-E2ED-4285-80B5-123FD8435487}.Release|Any CPU.ActiveCfg = Release|Any CPU
		{E9F20A70-E2ED-4285-80B5-123FD8435487}.Release|Any CPU.Build.0 = Release|Any CPU
		{45884B9C-D029-499A-94ED-71DFB2F0FC98}.Debug|Any CPU.ActiveCfg = Debug|Any CPU
		{45884B9C-D029-499A-94ED-71DFB2F0FC98}.Debug|Any CPU.Build.0 = Debug|Any CPU
		{45884B9C-D029-499A-94ED-71DFB2F0FC98}.Release|Any CPU.ActiveCfg = Release|Any CPU
		{45884B9C-D029-499A-94ED-71DFB2F0FC98}.Release|Any CPU.Build.0 = Release|Any CPU
		{38E82C2D-9919-480C-AA90-66D617CBB74E}.Debug|Any CPU.ActiveCfg = Debug|Any CPU
		{38E82C2D-9919-480C-AA90-66D617CBB74E}.Debug|Any CPU.Build.0 = Debug|Any CPU
		{38E82C2D-9919-480C-AA90-66D617CBB74E}.Release|Any CPU.ActiveCfg = Release|Any CPU
		{38E82C2D-9919-480C-AA90-66D617CBB74E}.Release|Any CPU.Build.0 = Release|Any CPU
		{4815968A-C3C7-4C7D-8BDA-47215375D665}.Debug|Any CPU.ActiveCfg = Debug|Any CPU
		{4815968A-C3C7-4C7D-8BDA-47215375D665}.Debug|Any CPU.Build.0 = Debug|Any CPU
		{4815968A-C3C7-4C7D-8BDA-47215375D665}.Release|Any CPU.ActiveCfg = Release|Any CPU
		{4815968A-C3C7-4C7D-8BDA-47215375D665}.Release|Any CPU.Build.0 = Release|Any CPU
		{703ECEA3-F26A-4ED1-966D-B30E41E049AC}.Debug|Any CPU.ActiveCfg = Debug|Any CPU
		{703ECEA3-F26A-4ED1-966D-B30E41E049AC}.Debug|Any CPU.Build.0 = Debug|Any CPU
		{703ECEA3-F26A-4ED1-966D-B30E41E049AC}.Release|Any CPU.ActiveCfg = Release|Any CPU
		{703ECEA3-F26A-4ED1-966D-B30E41E049AC}.Release|Any CPU.Build.0 = Release|Any CPU
		{8A37BF88-13AD-413C-9AB3-A19738808B41}.Debug|Any CPU.ActiveCfg = Debug|Any CPU
		{8A37BF88-13AD-413C-9AB3-A19738808B41}.Debug|Any CPU.Build.0 = Debug|Any CPU
		{8A37BF88-13AD-413C-9AB3-A19738808B41}.Release|Any CPU.ActiveCfg = Release|Any CPU
		{8A37BF88-13AD-413C-9AB3-A19738808B41}.Release|Any CPU.Build.0 = Release|Any CPU
		{6888B851-220F-4437-A93F-361B7D9A62FA}.Debug|Any CPU.ActiveCfg = Debug|Any CPU
		{6888B851-220F-4437-A93F-361B7D9A62FA}.Debug|Any CPU.Build.0 = Debug|Any CPU
		{6888B851-220F-4437-A93F-361B7D9A62FA}.Release|Any CPU.ActiveCfg = Release|Any CPU
		{6888B851-220F-4437-A93F-361B7D9A62FA}.Release|Any CPU.Build.0 = Release|Any CPU
		{55CB3F25-E99A-4186-93A2-E30F01F15939}.Debug|Any CPU.ActiveCfg = Debug|Any CPU
		{55CB3F25-E99A-4186-93A2-E30F01F15939}.Debug|Any CPU.Build.0 = Debug|Any CPU
		{55CB3F25-E99A-4186-93A2-E30F01F15939}.Release|Any CPU.ActiveCfg = Release|Any CPU
		{55CB3F25-E99A-4186-93A2-E30F01F15939}.Release|Any CPU.Build.0 = Release|Any CPU
		{7673FB78-E2E1-4393-A625-BB9E40EABFB3}.Debug|Any CPU.ActiveCfg = Debug|Any CPU
		{7673FB78-E2E1-4393-A625-BB9E40EABFB3}.Debug|Any CPU.Build.0 = Debug|Any CPU
		{7673FB78-E2E1-4393-A625-BB9E40EABFB3}.Release|Any CPU.ActiveCfg = Release|Any CPU
		{7673FB78-E2E1-4393-A625-BB9E40EABFB3}.Release|Any CPU.Build.0 = Release|Any CPU
		{96E16377-B518-48B5-A279-B8A8F7D42CF1}.Debug|Any CPU.ActiveCfg = Debug|Any CPU
		{96E16377-B518-48B5-A279-B8A8F7D42CF1}.Debug|Any CPU.Build.0 = Debug|Any CPU
		{96E16377-B518-48B5-A279-B8A8F7D42CF1}.Release|Any CPU.ActiveCfg = Release|Any CPU
		{96E16377-B518-48B5-A279-B8A8F7D42CF1}.Release|Any CPU.Build.0 = Release|Any CPU
		{6483D754-6D6D-4E1B-9DDA-CCA01E0B20C8}.Debug|Any CPU.ActiveCfg = Debug|Any CPU
		{6483D754-6D6D-4E1B-9DDA-CCA01E0B20C8}.Debug|Any CPU.Build.0 = Debug|Any CPU
		{6483D754-6D6D-4E1B-9DDA-CCA01E0B20C8}.Release|Any CPU.ActiveCfg = Release|Any CPU
		{6483D754-6D6D-4E1B-9DDA-CCA01E0B20C8}.Release|Any CPU.Build.0 = Release|Any CPU
		{AE3627F2-A60C-4ED6-A0C7-E54684AE8A8F}.Debug|Any CPU.ActiveCfg = Debug|Any CPU
		{AE3627F2-A60C-4ED6-A0C7-E54684AE8A8F}.Debug|Any CPU.Build.0 = Debug|Any CPU
		{AE3627F2-A60C-4ED6-A0C7-E54684AE8A8F}.Release|Any CPU.ActiveCfg = Release|Any CPU
		{AE3627F2-A60C-4ED6-A0C7-E54684AE8A8F}.Release|Any CPU.Build.0 = Release|Any CPU
		{08D866E6-B5B9-4C91-9929-C3FDF5CCD14A}.Debug|Any CPU.ActiveCfg = Debug|Any CPU
		{08D866E6-B5B9-4C91-9929-C3FDF5CCD14A}.Debug|Any CPU.Build.0 = Debug|Any CPU
		{08D866E6-B5B9-4C91-9929-C3FDF5CCD14A}.Release|Any CPU.ActiveCfg = Release|Any CPU
		{08D866E6-B5B9-4C91-9929-C3FDF5CCD14A}.Release|Any CPU.Build.0 = Release|Any CPU
		{2D874A84-54CC-43B8-BC0E-EAAC0A19A10B}.Debug|Any CPU.ActiveCfg = Debug|Any CPU
		{2D874A84-54CC-43B8-BC0E-EAAC0A19A10B}.Debug|Any CPU.Build.0 = Debug|Any CPU
		{2D874A84-54CC-43B8-BC0E-EAAC0A19A10B}.Release|Any CPU.ActiveCfg = Release|Any CPU
		{2D874A84-54CC-43B8-BC0E-EAAC0A19A10B}.Release|Any CPU.Build.0 = Release|Any CPU
		{999D0E1F-ACE7-4344-96CB-E45949C25362}.Debug|Any CPU.ActiveCfg = Debug|Any CPU
		{999D0E1F-ACE7-4344-96CB-E45949C25362}.Debug|Any CPU.Build.0 = Debug|Any CPU
		{999D0E1F-ACE7-4344-96CB-E45949C25362}.Release|Any CPU.ActiveCfg = Release|Any CPU
		{999D0E1F-ACE7-4344-96CB-E45949C25362}.Release|Any CPU.Build.0 = Release|Any CPU
		{904DADFE-32C9-4404-BE1E-7F315F0F8D1D}.Debug|Any CPU.ActiveCfg = Debug|Any CPU
		{904DADFE-32C9-4404-BE1E-7F315F0F8D1D}.Debug|Any CPU.Build.0 = Debug|Any CPU
		{904DADFE-32C9-4404-BE1E-7F315F0F8D1D}.Release|Any CPU.ActiveCfg = Release|Any CPU
		{904DADFE-32C9-4404-BE1E-7F315F0F8D1D}.Release|Any CPU.Build.0 = Release|Any CPU
	EndGlobalSection
	GlobalSection(SolutionProperties) = preSolution
		HideSolutionNode = FALSE
	EndGlobalSection
	GlobalSection(NestedProjects) = preSolution
		{0F841E26-1B97-4D29-85C1-7D4060EAFA8A} = {E66B83B6-C069-4E10-B3B4-3C2916B3126A}
		{B9590B00-CED6-42E6-8F35-2B5C040709FC} = {E66B83B6-C069-4E10-B3B4-3C2916B3126A}
		{713BCD6D-71BA-4322-A2DF-3DF81FFB92DB} = {E66B83B6-C069-4E10-B3B4-3C2916B3126A}
		{2CD2D9E1-6E65-46D2-8A59-91F418BD0F17} = {E66B83B6-C069-4E10-B3B4-3C2916B3126A}
		{F585958D-7F2F-47C9-A135-87CE7E1E7E00} = {E66B83B6-C069-4E10-B3B4-3C2916B3126A}
		{DC6B88C5-CB66-4FBB-9233-A6EB3EF1E6F8} = {E66B83B6-C069-4E10-B3B4-3C2916B3126A}
		{C3E79884-B861-478A-ADA5-5031443F778F} = {E66B83B6-C069-4E10-B3B4-3C2916B3126A}
		{20238339-8B0B-4388-BA6A-408B90EEEB26} = {E66B83B6-C069-4E10-B3B4-3C2916B3126A}
		{B112DDEB-72AE-F6BD-020F-7E71CAB91060} = {E66B83B6-C069-4E10-B3B4-3C2916B3126A}
		{AE818291-C77B-FB21-D3CF-529A59443219} = {E66B83B6-C069-4E10-B3B4-3C2916B3126A}
		{53047657-141E-6E96-3076-27B82C0F978D} = {E66B83B6-C069-4E10-B3B4-3C2916B3126A}
		{267DF5C1-EB5C-ED53-D308-8677B0CF1AD7} = {E66B83B6-C069-4E10-B3B4-3C2916B3126A}
		{6183112A-8EB5-A57F-FC2F-4369CCCE73C8} = {E66B83B6-C069-4E10-B3B4-3C2916B3126A}
		{104BAC3F-7D58-3D4B-62FC-DC50A04EF33F} = {E66B83B6-C069-4E10-B3B4-3C2916B3126A}
		{7C6C7DF3-2677-20C2-F7D6-D368AC8C88BA} = {E66B83B6-C069-4E10-B3B4-3C2916B3126A}
		{AC4C62F9-4F08-FD4B-4024-E7501C871049} = {E66B83B6-C069-4E10-B3B4-3C2916B3126A}
		{51D531CD-1B1B-795B-1906-4BEBF391D1CF} = {E66B83B6-C069-4E10-B3B4-3C2916B3126A}
		{8C4EF294-36F2-97A9-A718-D9CDE4C6874F} = {E66B83B6-C069-4E10-B3B4-3C2916B3126A}
		{BC3DD2AD-9C77-5B68-E490-ABD50C4DAFE2} = {E66B83B6-C069-4E10-B3B4-3C2916B3126A}
		{ADB2B012-2C5F-01DF-8066-F7710092D5DD} = {E66B83B6-C069-4E10-B3B4-3C2916B3126A}
		{E0367EDF-D7F9-FE27-B2F7-4BE546C61BFE} = {E66B83B6-C069-4E10-B3B4-3C2916B3126A}
		{26AD64F3-C2B8-E6BA-CF56-99B00789294A} = {E66B83B6-C069-4E10-B3B4-3C2916B3126A}
		{903692EB-57D7-F7F1-17C9-5B640BB06B0A} = {E66B83B6-C069-4E10-B3B4-3C2916B3126A}
		{D4292524-FEC0-7CE3-7BAA-2D89C83165BF} = {E66B83B6-C069-4E10-B3B4-3C2916B3126A}
		{F0D17118-71A0-BD2D-BF97-44905AE36443} = {E66B83B6-C069-4E10-B3B4-3C2916B3126A}
		{F8F2E94E-4F37-825F-1F64-8C118A85BD15} = {E66B83B6-C069-4E10-B3B4-3C2916B3126A}
		{496DCAB1-E5A9-4278-931A-80F9B8047D85} = {E66B83B6-C069-4E10-B3B4-3C2916B3126A}
		{853EC3FE-FCC2-48E5-9E6B-C5EB8AC29DB5} = {E66B83B6-C069-4E10-B3B4-3C2916B3126A}
		{9503D889-7ABD-4C64-B590-555AA5A264D7} = {E66B83B6-C069-4E10-B3B4-3C2916B3126A}
		{9ACF94D4-29CF-48CA-8E51-11CA65E36355} = {E66B83B6-C069-4E10-B3B4-3C2916B3126A}
		{B88ABCA2-47F9-4695-9840-FF59BBA0771E} = {E66B83B6-C069-4E10-B3B4-3C2916B3126A}
		{EF776829-E0F4-4526-BCED-16D823E971D3} = {E66B83B6-C069-4E10-B3B4-3C2916B3126A}
		{4F68CB49-A08D-4C24-80EE-EA8544A2F89D} = {E66B83B6-C069-4E10-B3B4-3C2916B3126A}
		{8A964E0C-74BB-43FD-A7AD-78C5C9B7DEE7} = {E66B83B6-C069-4E10-B3B4-3C2916B3126A}
		{20A39ADD-14FA-45E7-8A46-913BD5F7C39D} = {E66B83B6-C069-4E10-B3B4-3C2916B3126A}
		{CC8EB286-5624-43DC-ABFE-41FEF282A5A4} = {E66B83B6-C069-4E10-B3B4-3C2916B3126A}
		{92EEE517-E0F1-43F0-8B15-772C9FEC838C} = {E66B83B6-C069-4E10-B3B4-3C2916B3126A}
		{273CD4FB-93AD-4053-88EB-9DA922BFA221} = {E66B83B6-C069-4E10-B3B4-3C2916B3126A}
		{3E1CFE23-46BA-41BD-AC3E-A603A143404E} = {E66B83B6-C069-4E10-B3B4-3C2916B3126A}
		{B98BE173-DC6F-4BF2-B735-097CE32F525F} = {E66B83B6-C069-4E10-B3B4-3C2916B3126A}
		{FAFD4FF0-BAAE-4BC7-AA77-2838DCF9EDAC} = {E66B83B6-C069-4E10-B3B4-3C2916B3126A}
		{2736705C-8C77-4006-BADD-8C53C50C63E7} = {E66B83B6-C069-4E10-B3B4-3C2916B3126A}
		{83C771CA-5211-4D8E-89A2-F2AA3DEB7894} = {E66B83B6-C069-4E10-B3B4-3C2916B3126A}
		{E6711042-7C57-4F44-90A7-D8697DB1FF39} = {E66B83B6-C069-4E10-B3B4-3C2916B3126A}
		{A010362A-3EC2-41F3-A9CF-C0D47408B4B3} = {E66B83B6-C069-4E10-B3B4-3C2916B3126A}
		{886D3446-4AE0-4F84-8F4A-48C5A10757E8} = {E66B83B6-C069-4E10-B3B4-3C2916B3126A}
		{D2DCE51B-7D52-42F1-AB56-68677ABC0D64} = {E66B83B6-C069-4E10-B3B4-3C2916B3126A}
		{2D42E43F-8559-4C52-BF5C-C946752121F1} = {E66B83B6-C069-4E10-B3B4-3C2916B3126A}
		{B9906546-C5DD-4A83-A9CF-9DC54149AC64} = {E66B83B6-C069-4E10-B3B4-3C2916B3126A}
		{E5448784-7536-4A3B-896F-BBD82996B783} = {E66B83B6-C069-4E10-B3B4-3C2916B3126A}
		{FB56F356-191C-4B23-B7D9-134E98BCCFFE} = {E66B83B6-C069-4E10-B3B4-3C2916B3126A}
		{60C101DC-8E77-4473-8A1D-30F77FDE7C19} = {E66B83B6-C069-4E10-B3B4-3C2916B3126A}
		{82100C21-986F-4EBE-B84C-796FE8120335} = {E66B83B6-C069-4E10-B3B4-3C2916B3126A}
		{9CE4BFC9-2A04-4295-A5F8-108A04302227} = {E66B83B6-C069-4E10-B3B4-3C2916B3126A}
		{7F17BA7C-0334-459E-A38D-5ACC3E4F3EEB} = {E66B83B6-C069-4E10-B3B4-3C2916B3126A}
		{CD63119C-A844-40EE-B05A-707F649226AD} = {E66B83B6-C069-4E10-B3B4-3C2916B3126A}
		{06540177-40DC-4CAF-BD5C-36B16604322C} = {E66B83B6-C069-4E10-B3B4-3C2916B3126A}
		{5FE4CE74-A85B-4A12-AA4B-C3411864F4D8} = {E66B83B6-C069-4E10-B3B4-3C2916B3126A}
		{E9F20A70-E2ED-4285-80B5-123FD8435487} = {E66B83B6-C069-4E10-B3B4-3C2916B3126A}
		{45884B9C-D029-499A-94ED-71DFB2F0FC98} = {E66B83B6-C069-4E10-B3B4-3C2916B3126A}
		{38E82C2D-9919-480C-AA90-66D617CBB74E} = {E66B83B6-C069-4E10-B3B4-3C2916B3126A}
		{4815968A-C3C7-4C7D-8BDA-47215375D665} = {E66B83B6-C069-4E10-B3B4-3C2916B3126A}
		{703ECEA3-F26A-4ED1-966D-B30E41E049AC} = {E66B83B6-C069-4E10-B3B4-3C2916B3126A}
		{8A37BF88-13AD-413C-9AB3-A19738808B41} = {E66B83B6-C069-4E10-B3B4-3C2916B3126A}
		{6888B851-220F-4437-A93F-361B7D9A62FA} = {E66B83B6-C069-4E10-B3B4-3C2916B3126A}
		{55CB3F25-E99A-4186-93A2-E30F01F15939} = {E66B83B6-C069-4E10-B3B4-3C2916B3126A}
		{7673FB78-E2E1-4393-A625-BB9E40EABFB3} = {E66B83B6-C069-4E10-B3B4-3C2916B3126A}
		{96E16377-B518-48B5-A279-B8A8F7D42CF1} = {E66B83B6-C069-4E10-B3B4-3C2916B3126A}
		{6483D754-6D6D-4E1B-9DDA-CCA01E0B20C8} = {E66B83B6-C069-4E10-B3B4-3C2916B3126A}
		{AE3627F2-A60C-4ED6-A0C7-E54684AE8A8F} = {E66B83B6-C069-4E10-B3B4-3C2916B3126A}
		{08D866E6-B5B9-4C91-9929-C3FDF5CCD14A} = {E66B83B6-C069-4E10-B3B4-3C2916B3126A}
		{2D874A84-54CC-43B8-BC0E-EAAC0A19A10B} = {E66B83B6-C069-4E10-B3B4-3C2916B3126A}
		{999D0E1F-ACE7-4344-96CB-E45949C25362} = {E66B83B6-C069-4E10-B3B4-3C2916B3126A}
		{904DADFE-32C9-4404-BE1E-7F315F0F8D1D} = {E66B83B6-C069-4E10-B3B4-3C2916B3126A}
	EndGlobalSection
	GlobalSection(ExtensibilityGlobals) = postSolution
		SolutionGuid = {6EAD3468-D4A3-4C31-8480-8BD944FEAFF3}
	EndGlobalSection
EndGlobal
